
Microsoft Visual Studio Solution File, Format Version 12.00
# Visual Studio 14
VisualStudioVersion = 14.0.23107.0
MinimumVisualStudioVersion = 10.0.40219.1
Project("{FAE04EC0-301F-11D3-BF4B-00C04F79EFBC}") = "MultiThreadResizer", "MultiThreadResizer\MultiThreadResizer.csproj", "{005E1F45-DA70-4DA3-8615-067B1EEE809F}"
EndProject
Project("{FAE04EC0-301F-11D3-BF4B-00C04F79EFBC}") = "UnitTestMultiThreadResizer", "UnitTestMultiThreadResizer\UnitTestMultiThreadResizer.csproj", "{F9CB979A-BAED-4257-AA3B-519B216F280A}"
EndProject
Global
	GlobalSection(SolutionConfigurationPlatforms) = preSolution
		Debug|Any CPU = Debug|Any CPU
		Release|Any CPU = Release|Any CPU
	EndGlobalSection
	GlobalSection(ProjectConfigurationPlatforms) = postSolution
		{005E1F45-DA70-4DA3-8615-067B1EEE809F}.Debug|Any CPU.ActiveCfg = Debug|Any CPU
		{005E1F45-DA70-4DA3-8615-067B1EEE809F}.Debug|Any CPU.Build.0 = Debug|Any CPU
		{005E1F45-DA70-4DA3-8615-067B1EEE809F}.Release|Any CPU.ActiveCfg = Release|Any CPU
		{005E1F45-DA70-4DA3-8615-067B1EEE809F}.Release|Any CPU.Build.0 = Release|Any CPU
		{F9CB979A-BAED-4257-AA3B-519B216F280A}.Debug|Any CPU.ActiveCfg = Debug|Any CPU
		{F9CB979A-BAED-4257-AA3B-519B216F280A}.Debug|Any CPU.Build.0 = Debug|Any CPU
		{F9CB979A-BAED-4257-AA3B-519B216F280A}.Release|Any CPU.ActiveCfg = Release|Any CPU
		{F9CB979A-BAED-4257-AA3B-519B216F280A}.Release|Any CPU.Build.0 = Release|Any CPU
	EndGlobalSection
	GlobalSection(SolutionProperties) = preSolution
		HideSolutionNode = FALSE
	EndGlobalSection
EndGlobal
